
Microsoft Visual Studio Solution File, Format Version 12.00
# Visual Studio 15
VisualStudioVersion = 15.0.27130.2027
MinimumVisualStudioVersion = 10.0.40219.1
Project("{FAE04EC0-301F-11D3-BF4B-00C04F79EFBC}") = "OPCDriver", "OPCDriver\OPCDriver.csproj", "{054DB7AC-EB2C-439F-80D4-63E823B279C8}"
EndProject
Project("{FAE04EC0-301F-11D3-BF4B-00C04F79EFBC}") = "OPCLib", "OPCLib\OPCLib.csproj", "{0EC75DA7-20C7-4986-82E5-DB011C6E961B}"
EndProject
Project("{FAE04EC0-301F-11D3-BF4B-00C04F79EFBC}") = "LinkableControlDesign", "LinkableControlDesignTime\LinkableControlDesign.csproj", "{7B353BC5-028F-40D4-84D7-3D3344B6FB94}"
EndProject
Project("{FAE04EC0-301F-11D3-BF4B-00C04F79EFBC}") = "HMIControl", "HMIControl\HMIControl.csproj", "{F9F0BFA7-0C4A-4C8C-B81C-2A0477CBF637}"
EndProject
Project("{FAE04EC0-301F-11D3-BF4B-00C04F79EFBC}") = "ClientDriver", "ClientDriver\ClientDriver.csproj", "{6DF53968-152D-4CA9-B62F-FF1C27069C4D}"
EndProject
Project("{FAE04EC0-301F-11D3-BF4B-00C04F79EFBC}") = "BatchCoreService", "BatchCoreService\BatchCoreService.csproj", "{0AF1DB09-5771-4F3B-8F48-DAAA09290C0F}"
EndProject
Project("{FAE04EC0-301F-11D3-BF4B-00C04F79EFBC}") = "BatchCoreTest", "BatchCoreTest\BatchCoreTest.csproj", "{42D3168A-BBD0-4546-8C29-B2BECB795DA5}"
EndProject
Project("{FAE04EC0-301F-11D3-BF4B-00C04F79EFBC}") = "Example", "CoreTest\Example.csproj", "{31CE7714-DDF1-4FB2-A479-9818B1B8D9B2}"
EndProject
Project("{FAE04EC0-301F-11D3-BF4B-00C04F79EFBC}") = "DataHelper", "DataHelper\DataHelper.csproj", "{755C5459-BCA4-4729-A93C-0C73A41BDF3C}"
EndProject
Project("{FAE04EC0-301F-11D3-BF4B-00C04F79EFBC}") = "DataService", "DataService\DataService.csproj", "{8965E389-6466-4B30-BD43-83C909044637}"
EndProject
Project("{FAE04EC0-301F-11D3-BF4B-00C04F79EFBC}") = "FileDriver", "FileDriver\FileDriver.csproj", "{FCDB7791-F4B6-4504-91BC-4D0291E317F3}"
EndProject
Project("{FAE04EC0-301F-11D3-BF4B-00C04F79EFBC}") = "ModbusDriver", "ModbusDriver\ModbusDriver.csproj", "{AEA44301-6A29-4AF7-91E8-E6D755B618F1}"
EndProject
Project("{FAE04EC0-301F-11D3-BF4B-00C04F79EFBC}") = "SiemensPLCDriver", "SiemensPLCDriver\SiemensPLCDriver.csproj", "{9CEBFDA4-CF05-44D1-881B-13775AA46B27}"
EndProject
Project("{FAE04EC0-301F-11D3-BF4B-00C04F79EFBC}") = "TagConfig", "TagConfig\TagConfig\TagConfig.csproj", "{18F86945-9CB9-4149-A09C-85B8C5C7C4ED}"
EndProject
Project("{FAE04EC0-301F-11D3-BF4B-00C04F79EFBC}") = "PanasonicDriver", "PanasonicDriver\PanasonicDriver.csproj", "{0D1C943D-594F-4E07-AA39-90CEC4E37C8E}"
EndProject
Project("{FAE04EC0-301F-11D3-BF4B-00C04F79EFBC}") = "OmronPlcDriver", "OmronPlcDriver\OmronPlcDriver.csproj", "{BAF8082B-8DD8-4E7C-9C5B-D9213E08C3B1}"
EndProject
Project("{FAE04EC0-301F-11D3-BF4B-00C04F79EFBC}") = "ABPLCDriver", "ABPLCReader\ABPLCDriver.csproj", "{02EA8F3A-29F0-4E11-B4F6-3BF87242D99F}"
EndProject
Project("{FAE04EC0-301F-11D3-BF4B-00C04F79EFBC}") = "DDEDriver", "DDEDriver\DDEDriver.csproj", "{14938033-7870-477D-925C-A447933A44E7}"
EndProject
Global
	GlobalSection(SolutionConfigurationPlatforms) = preSolution
		Debug|Any CPU = Debug|Any CPU
		Debug|Itanium = Debug|Itanium
		Debug|Mixed Platforms = Debug|Mixed Platforms
		Debug|x64 = Debug|x64
		Debug|x86 = Debug|x86
		Release|Any CPU = Release|Any CPU
		Release|Itanium = Release|Itanium
		Release|Mixed Platforms = Release|Mixed Platforms
		Release|x64 = Release|x64
		Release|x86 = Release|x86
	EndGlobalSection
	GlobalSection(ProjectConfigurationPlatforms) = postSolution
		{054DB7AC-EB2C-439F-80D4-63E823B279C8}.Debug|Any CPU.ActiveCfg = Debug|Any CPU
		{054DB7AC-EB2C-439F-80D4-63E823B279C8}.Debug|Any CPU.Build.0 = Debug|Any CPU
		{054DB7AC-EB2C-439F-80D4-63E823B279C8}.Debug|Itanium.ActiveCfg = Debug|Any CPU
		{054DB7AC-EB2C-439F-80D4-63E823B279C8}.Debug|Mixed Platforms.ActiveCfg = Debug|Any CPU
		{054DB7AC-EB2C-439F-80D4-63E823B279C8}.Debug|Mixed Platforms.Build.0 = Debug|Any CPU
		{054DB7AC-EB2C-439F-80D4-63E823B279C8}.Debug|x64.ActiveCfg = Debug|Any CPU
		{054DB7AC-EB2C-439F-80D4-63E823B279C8}.Debug|x86.ActiveCfg = Debug|Any CPU
		{054DB7AC-EB2C-439F-80D4-63E823B279C8}.Release|Any CPU.ActiveCfg = Release|Any CPU
		{054DB7AC-EB2C-439F-80D4-63E823B279C8}.Release|Any CPU.Build.0 = Release|Any CPU
		{054DB7AC-EB2C-439F-80D4-63E823B279C8}.Release|Itanium.ActiveCfg = Release|Any CPU
		{054DB7AC-EB2C-439F-80D4-63E823B279C8}.Release|Mixed Platforms.ActiveCfg = Release|Any CPU
		{054DB7AC-EB2C-439F-80D4-63E823B279C8}.Release|Mixed Platforms.Build.0 = Release|Any CPU
		{054DB7AC-EB2C-439F-80D4-63E823B279C8}.Release|x64.ActiveCfg = Release|Any CPU
		{054DB7AC-EB2C-439F-80D4-63E823B279C8}.Release|x86.ActiveCfg = Release|Any CPU
		{0EC75DA7-20C7-4986-82E5-DB011C6E961B}.Debug|Any CPU.ActiveCfg = Debug|Any CPU
		{0EC75DA7-20C7-4986-82E5-DB011C6E961B}.Debug|Any CPU.Build.0 = Debug|Any CPU
		{0EC75DA7-20C7-4986-82E5-DB011C6E961B}.Debug|Itanium.ActiveCfg = Debug|Itanium
		{0EC75DA7-20C7-4986-82E5-DB011C6E961B}.Debug|Itanium.Build.0 = Debug|Itanium
		{0EC75DA7-20C7-4986-82E5-DB011C6E961B}.Debug|Mixed Platforms.ActiveCfg = Debug|x86
		{0EC75DA7-20C7-4986-82E5-DB011C6E961B}.Debug|Mixed Platforms.Build.0 = Debug|x86
		{0EC75DA7-20C7-4986-82E5-DB011C6E961B}.Debug|x64.ActiveCfg = Debug|x64
		{0EC75DA7-20C7-4986-82E5-DB011C6E961B}.Debug|x64.Build.0 = Debug|x64
		{0EC75DA7-20C7-4986-82E5-DB011C6E961B}.Debug|x86.ActiveCfg = Debug|x86
		{0EC75DA7-20C7-4986-82E5-DB011C6E961B}.Debug|x86.Build.0 = Debug|x86
		{0EC75DA7-20C7-4986-82E5-DB011C6E961B}.Release|Any CPU.ActiveCfg = Release|Any CPU
		{0EC75DA7-20C7-4986-82E5-DB011C6E961B}.Release|Any CPU.Build.0 = Release|Any CPU
		{0EC75DA7-20C7-4986-82E5-DB011C6E961B}.Release|Itanium.ActiveCfg = Release|Itanium
		{0EC75DA7-20C7-4986-82E5-DB011C6E961B}.Release|Itanium.Build.0 = Release|Itanium
		{0EC75DA7-20C7-4986-82E5-DB011C6E961B}.Release|Mixed Platforms.ActiveCfg = Release|x86
		{0EC75DA7-20C7-4986-82E5-DB011C6E961B}.Release|Mixed Platforms.Build.0 = Release|x86
		{0EC75DA7-20C7-4986-82E5-DB011C6E961B}.Release|x64.ActiveCfg = Release|x64
		{0EC75DA7-20C7-4986-82E5-DB011C6E961B}.Release|x64.Build.0 = Release|x64
		{0EC75DA7-20C7-4986-82E5-DB011C6E961B}.Release|x86.ActiveCfg = Release|x86
		{0EC75DA7-20C7-4986-82E5-DB011C6E961B}.Release|x86.Build.0 = Release|x86
		{7B353BC5-028F-40D4-84D7-3D3344B6FB94}.Debug|Any CPU.ActiveCfg = Debug|Any CPU
		{7B353BC5-028F-40D4-84D7-3D3344B6FB94}.Debug|Any CPU.Build.0 = Debug|Any CPU
		{7B353BC5-028F-40D4-84D7-3D3344B6FB94}.Debug|Itanium.ActiveCfg = Debug|Any CPU
		{7B353BC5-028F-40D4-84D7-3D3344B6FB94}.Debug|Mixed Platforms.ActiveCfg = Debug|Any CPU
		{7B353BC5-028F-40D4-84D7-3D3344B6FB94}.Debug|Mixed Platforms.Build.0 = Debug|Any CPU
		{7B353BC5-028F-40D4-84D7-3D3344B6FB94}.Debug|x64.ActiveCfg = Debug|Any CPU
		{7B353BC5-028F-40D4-84D7-3D3344B6FB94}.Debug|x86.ActiveCfg = Debug|Any CPU
		{7B353BC5-028F-40D4-84D7-3D3344B6FB94}.Release|Any CPU.ActiveCfg = Release|Any CPU
		{7B353BC5-028F-40D4-84D7-3D3344B6FB94}.Release|Any CPU.Build.0 = Release|Any CPU
		{7B353BC5-028F-40D4-84D7-3D3344B6FB94}.Release|Itanium.ActiveCfg = Release|Any CPU
		{7B353BC5-028F-40D4-84D7-3D3344B6FB94}.Release|Mixed Platforms.ActiveCfg = Release|Any CPU
		{7B353BC5-028F-40D4-84D7-3D3344B6FB94}.Release|Mixed Platforms.Build.0 = Release|Any CPU
		{7B353BC5-028F-40D4-84D7-3D3344B6FB94}.Release|x64.ActiveCfg = Release|Any CPU
		{7B353BC5-028F-40D4-84D7-3D3344B6FB94}.Release|x86.ActiveCfg = Release|Any CPU
		{F9F0BFA7-0C4A-4C8C-B81C-2A0477CBF637}.Debug|Any CPU.ActiveCfg = Debug|Any CPU
		{F9F0BFA7-0C4A-4C8C-B81C-2A0477CBF637}.Debug|Any CPU.Build.0 = Debug|Any CPU
		{F9F0BFA7-0C4A-4C8C-B81C-2A0477CBF637}.Debug|Itanium.ActiveCfg = Debug|Any CPU
		{F9F0BFA7-0C4A-4C8C-B81C-2A0477CBF637}.Debug|Mixed Platforms.ActiveCfg = Debug|Any CPU
		{F9F0BFA7-0C4A-4C8C-B81C-2A0477CBF637}.Debug|Mixed Platforms.Build.0 = Debug|Any CPU
		{F9F0BFA7-0C4A-4C8C-B81C-2A0477CBF637}.Debug|x64.ActiveCfg = Debug|Any CPU
		{F9F0BFA7-0C4A-4C8C-B81C-2A0477CBF637}.Debug|x86.ActiveCfg = Debug|Any CPU
		{F9F0BFA7-0C4A-4C8C-B81C-2A0477CBF637}.Release|Any CPU.ActiveCfg = Release|Any CPU
		{F9F0BFA7-0C4A-4C8C-B81C-2A0477CBF637}.Release|Any CPU.Build.0 = Release|Any CPU
		{F9F0BFA7-0C4A-4C8C-B81C-2A0477CBF637}.Release|Itanium.ActiveCfg = Release|Any CPU
		{F9F0BFA7-0C4A-4C8C-B81C-2A0477CBF637}.Release|Mixed Platforms.ActiveCfg = Release|Any CPU
		{F9F0BFA7-0C4A-4C8C-B81C-2A0477CBF637}.Release|Mixed Platforms.Build.0 = Release|Any CPU
		{F9F0BFA7-0C4A-4C8C-B81C-2A0477CBF637}.Release|x64.ActiveCfg = Release|Any CPU
		{F9F0BFA7-0C4A-4C8C-B81C-2A0477CBF637}.Release|x86.ActiveCfg = Release|Any CPU
		{6DF53968-152D-4CA9-B62F-FF1C27069C4D}.Debug|Any CPU.ActiveCfg = Debug|Any CPU
		{6DF53968-152D-4CA9-B62F-FF1C27069C4D}.Debug|Any CPU.Build.0 = Debug|Any CPU
		{6DF53968-152D-4CA9-B62F-FF1C27069C4D}.Debug|Itanium.ActiveCfg = Debug|Any CPU
		{6DF53968-152D-4CA9-B62F-FF1C27069C4D}.Debug|Mixed Platforms.ActiveCfg = Debug|Any CPU
		{6DF53968-152D-4CA9-B62F-FF1C27069C4D}.Debug|Mixed Platforms.Build.0 = Debug|Any CPU
		{6DF53968-152D-4CA9-B62F-FF1C27069C4D}.Debug|x64.ActiveCfg = Debug|Any CPU
		{6DF53968-152D-4CA9-B62F-FF1C27069C4D}.Debug|x86.ActiveCfg = Debug|Any CPU
		{6DF53968-152D-4CA9-B62F-FF1C27069C4D}.Release|Any CPU.ActiveCfg = Release|Any CPU
		{6DF53968-152D-4CA9-B62F-FF1C27069C4D}.Release|Any CPU.Build.0 = Release|Any CPU
		{6DF53968-152D-4CA9-B62F-FF1C27069C4D}.Release|Itanium.ActiveCfg = Release|Any CPU
		{6DF53968-152D-4CA9-B62F-FF1C27069C4D}.Release|Mixed Platforms.ActiveCfg = Release|Any CPU
		{6DF53968-152D-4CA9-B62F-FF1C27069C4D}.Release|Mixed Platforms.Build.0 = Release|Any CPU
		{6DF53968-152D-4CA9-B62F-FF1C27069C4D}.Release|x64.ActiveCfg = Release|Any CPU
		{6DF53968-152D-4CA9-B62F-FF1C27069C4D}.Release|x86.ActiveCfg = Release|Any CPU
		{0AF1DB09-5771-4F3B-8F48-DAAA09290C0F}.Debug|Any CPU.ActiveCfg = Debug|x86
		{0AF1DB09-5771-4F3B-8F48-DAAA09290C0F}.Debug|Itanium.ActiveCfg = Debug|x86
		{0AF1DB09-5771-4F3B-8F48-DAAA09290C0F}.Debug|Mixed Platforms.ActiveCfg = Debug|x86
		{0AF1DB09-5771-4F3B-8F48-DAAA09290C0F}.Debug|Mixed Platforms.Build.0 = Debug|x86
		{0AF1DB09-5771-4F3B-8F48-DAAA09290C0F}.Debug|x64.ActiveCfg = Debug|x86
		{0AF1DB09-5771-4F3B-8F48-DAAA09290C0F}.Debug|x86.ActiveCfg = Debug|x86
		{0AF1DB09-5771-4F3B-8F48-DAAA09290C0F}.Debug|x86.Build.0 = Debug|x86
		{0AF1DB09-5771-4F3B-8F48-DAAA09290C0F}.Release|Any CPU.ActiveCfg = Release|x86
		{0AF1DB09-5771-4F3B-8F48-DAAA09290C0F}.Release|Itanium.ActiveCfg = Release|x86
		{0AF1DB09-5771-4F3B-8F48-DAAA09290C0F}.Release|Mixed Platforms.ActiveCfg = Release|x86
		{0AF1DB09-5771-4F3B-8F48-DAAA09290C0F}.Release|Mixed Platforms.Build.0 = Release|x86
		{0AF1DB09-5771-4F3B-8F48-DAAA09290C0F}.Release|x64.ActiveCfg = Release|x86
		{0AF1DB09-5771-4F3B-8F48-DAAA09290C0F}.Release|x86.ActiveCfg = Release|x86
		{0AF1DB09-5771-4F3B-8F48-DAAA09290C0F}.Release|x86.Build.0 = Release|x86
		{42D3168A-BBD0-4546-8C29-B2BECB795DA5}.Debug|Any CPU.ActiveCfg = Debug|x86
		{42D3168A-BBD0-4546-8C29-B2BECB795DA5}.Debug|Itanium.ActiveCfg = Debug|x86
		{42D3168A-BBD0-4546-8C29-B2BECB795DA5}.Debug|Mixed Platforms.ActiveCfg = Debug|x86
		{42D3168A-BBD0-4546-8C29-B2BECB795DA5}.Debug|Mixed Platforms.Build.0 = Debug|x86
		{42D3168A-BBD0-4546-8C29-B2BECB795DA5}.Debug|x64.ActiveCfg = Debug|x86
		{42D3168A-BBD0-4546-8C29-B2BECB795DA5}.Debug|x86.ActiveCfg = Debug|x86
		{42D3168A-BBD0-4546-8C29-B2BECB795DA5}.Debug|x86.Build.0 = Debug|x86
		{42D3168A-BBD0-4546-8C29-B2BECB795DA5}.Release|Any CPU.ActiveCfg = Release|x86
		{42D3168A-BBD0-4546-8C29-B2BECB795DA5}.Release|Itanium.ActiveCfg = Release|x86
		{42D3168A-BBD0-4546-8C29-B2BECB795DA5}.Release|Mixed Platforms.ActiveCfg = Release|x86
		{42D3168A-BBD0-4546-8C29-B2BECB795DA5}.Release|Mixed Platforms.Build.0 = Release|x86
		{42D3168A-BBD0-4546-8C29-B2BECB795DA5}.Release|x64.ActiveCfg = Release|x86
		{42D3168A-BBD0-4546-8C29-B2BECB795DA5}.Release|x86.ActiveCfg = Release|x86
		{42D3168A-BBD0-4546-8C29-B2BECB795DA5}.Release|x86.Build.0 = Release|x86
		{31CE7714-DDF1-4FB2-A479-9818B1B8D9B2}.Debug|Any CPU.ActiveCfg = Debug|x86
		{31CE7714-DDF1-4FB2-A479-9818B1B8D9B2}.Debug|Itanium.ActiveCfg = Debug|x86
		{31CE7714-DDF1-4FB2-A479-9818B1B8D9B2}.Debug|Mixed Platforms.ActiveCfg = Debug|x86
		{31CE7714-DDF1-4FB2-A479-9818B1B8D9B2}.Debug|Mixed Platforms.Build.0 = Debug|x86
		{31CE7714-DDF1-4FB2-A479-9818B1B8D9B2}.Debug|x64.ActiveCfg = Debug|x86
		{31CE7714-DDF1-4FB2-A479-9818B1B8D9B2}.Debug|x86.ActiveCfg = Debug|x86
		{31CE7714-DDF1-4FB2-A479-9818B1B8D9B2}.Debug|x86.Build.0 = Debug|x86
		{31CE7714-DDF1-4FB2-A479-9818B1B8D9B2}.Release|Any CPU.ActiveCfg = Release|x86
		{31CE7714-DDF1-4FB2-A479-9818B1B8D9B2}.Release|Itanium.ActiveCfg = Release|x86
		{31CE7714-DDF1-4FB2-A479-9818B1B8D9B2}.Release|Mixed Platforms.ActiveCfg = Release|x86
		{31CE7714-DDF1-4FB2-A479-9818B1B8D9B2}.Release|Mixed Platforms.Build.0 = Release|x86
		{31CE7714-DDF1-4FB2-A479-9818B1B8D9B2}.Release|x64.ActiveCfg = Release|x86
		{31CE7714-DDF1-4FB2-A479-9818B1B8D9B2}.Release|x86.ActiveCfg = Release|x86
		{31CE7714-DDF1-4FB2-A479-9818B1B8D9B2}.Release|x86.Build.0 = Release|x86
		{755C5459-BCA4-4729-A93C-0C73A41BDF3C}.Debug|Any CPU.ActiveCfg = Debug|Any CPU
		{755C5459-BCA4-4729-A93C-0C73A41BDF3C}.Debug|Any CPU.Build.0 = Debug|Any CPU
		{755C5459-BCA4-4729-A93C-0C73A41BDF3C}.Debug|Itanium.ActiveCfg = Debug|Itanium
		{755C5459-BCA4-4729-A93C-0C73A41BDF3C}.Debug|Itanium.Build.0 = Debug|Itanium
		{755C5459-BCA4-4729-A93C-0C73A41BDF3C}.Debug|Mixed Platforms.ActiveCfg = Debug|x86
		{755C5459-BCA4-4729-A93C-0C73A41BDF3C}.Debug|Mixed Platforms.Build.0 = Debug|x86
		{755C5459-BCA4-4729-A93C-0C73A41BDF3C}.Debug|x64.ActiveCfg = Debug|x64
		{755C5459-BCA4-4729-A93C-0C73A41BDF3C}.Debug|x64.Build.0 = Debug|x64
		{755C5459-BCA4-4729-A93C-0C73A41BDF3C}.Debug|x86.ActiveCfg = Debug|x86
		{755C5459-BCA4-4729-A93C-0C73A41BDF3C}.Debug|x86.Build.0 = Debug|x86
		{755C5459-BCA4-4729-A93C-0C73A41BDF3C}.Release|Any CPU.ActiveCfg = Release|Any CPU
		{755C5459-BCA4-4729-A93C-0C73A41BDF3C}.Release|Any CPU.Build.0 = Release|Any CPU
		{755C5459-BCA4-4729-A93C-0C73A41BDF3C}.Release|Itanium.ActiveCfg = Release|Itanium
		{755C5459-BCA4-4729-A93C-0C73A41BDF3C}.Release|Itanium.Build.0 = Release|Itanium
		{755C5459-BCA4-4729-A93C-0C73A41BDF3C}.Release|Mixed Platforms.ActiveCfg = Release|x86
		{755C5459-BCA4-4729-A93C-0C73A41BDF3C}.Release|Mixed Platforms.Build.0 = Release|x86
		{755C5459-BCA4-4729-A93C-0C73A41BDF3C}.Release|x64.ActiveCfg = Release|x64
		{755C5459-BCA4-4729-A93C-0C73A41BDF3C}.Release|x64.Build.0 = Release|x64
		{755C5459-BCA4-4729-A93C-0C73A41BDF3C}.Release|x86.ActiveCfg = Release|x86
		{755C5459-BCA4-4729-A93C-0C73A41BDF3C}.Release|x86.Build.0 = Release|x86
		{8965E389-6466-4B30-BD43-83C909044637}.Debug|Any CPU.ActiveCfg = Debug|Any CPU
		{8965E389-6466-4B30-BD43-83C909044637}.Debug|Any CPU.Build.0 = Debug|Any CPU
		{8965E389-6466-4B30-BD43-83C909044637}.Debug|Itanium.ActiveCfg = Debug|Itanium
		{8965E389-6466-4B30-BD43-83C909044637}.Debug|Itanium.Build.0 = Debug|Itanium
		{8965E389-6466-4B30-BD43-83C909044637}.Debug|Mixed Platforms.ActiveCfg = Debug|x86
		{8965E389-6466-4B30-BD43-83C909044637}.Debug|Mixed Platforms.Build.0 = Debug|x86
		{8965E389-6466-4B30-BD43-83C909044637}.Debug|x64.ActiveCfg = Debug|x64
		{8965E389-6466-4B30-BD43-83C909044637}.Debug|x64.Build.0 = Debug|x64
		{8965E389-6466-4B30-BD43-83C909044637}.Debug|x86.ActiveCfg = Debug|x86
		{8965E389-6466-4B30-BD43-83C909044637}.Debug|x86.Build.0 = Debug|x86
		{8965E389-6466-4B30-BD43-83C909044637}.Release|Any CPU.ActiveCfg = Release|Any CPU
		{8965E389-6466-4B30-BD43-83C909044637}.Release|Any CPU.Build.0 = Release|Any CPU
		{8965E389-6466-4B30-BD43-83C909044637}.Release|Itanium.ActiveCfg = Release|Itanium
		{8965E389-6466-4B30-BD43-83C909044637}.Release|Itanium.Build.0 = Release|Itanium
		{8965E389-6466-4B30-BD43-83C909044637}.Release|Mixed Platforms.ActiveCfg = Release|x86
		{8965E389-6466-4B30-BD43-83C909044637}.Release|Mixed Platforms.Build.0 = Release|x86
		{8965E389-6466-4B30-BD43-83C909044637}.Release|x64.ActiveCfg = Release|x64
		{8965E389-6466-4B30-BD43-83C909044637}.Release|x64.Build.0 = Release|x64
		{8965E389-6466-4B30-BD43-83C909044637}.Release|x86.ActiveCfg = Release|x86
		{8965E389-6466-4B30-BD43-83C909044637}.Release|x86.Build.0 = Release|x86
		{FCDB7791-F4B6-4504-91BC-4D0291E317F3}.Debug|Any CPU.ActiveCfg = Debug|Any CPU
		{FCDB7791-F4B6-4504-91BC-4D0291E317F3}.Debug|Any CPU.Build.0 = Debug|Any CPU
		{FCDB7791-F4B6-4504-91BC-4D0291E317F3}.Debug|Itanium.ActiveCfg = Debug|Itanium
		{FCDB7791-F4B6-4504-91BC-4D0291E317F3}.Debug|Itanium.Build.0 = Debug|Itanium
		{FCDB7791-F4B6-4504-91BC-4D0291E317F3}.Debug|Mixed Platforms.ActiveCfg = Debug|Any CPU
		{FCDB7791-F4B6-4504-91BC-4D0291E317F3}.Debug|Mixed Platforms.Build.0 = Debug|Any CPU
		{FCDB7791-F4B6-4504-91BC-4D0291E317F3}.Debug|x64.ActiveCfg = Debug|x64
		{FCDB7791-F4B6-4504-91BC-4D0291E317F3}.Debug|x64.Build.0 = Debug|x64
		{FCDB7791-F4B6-4504-91BC-4D0291E317F3}.Debug|x86.ActiveCfg = Debug|Any CPU
		{FCDB7791-F4B6-4504-91BC-4D0291E317F3}.Debug|x86.Build.0 = Debug|Any CPU
		{FCDB7791-F4B6-4504-91BC-4D0291E317F3}.Release|Any CPU.ActiveCfg = Release|Any CPU
		{FCDB7791-F4B6-4504-91BC-4D0291E317F3}.Release|Any CPU.Build.0 = Release|Any CPU
		{FCDB7791-F4B6-4504-91BC-4D0291E317F3}.Release|Itanium.ActiveCfg = Release|Itanium
		{FCDB7791-F4B6-4504-91BC-4D0291E317F3}.Release|Itanium.Build.0 = Release|Itanium
		{FCDB7791-F4B6-4504-91BC-4D0291E317F3}.Release|Mixed Platforms.ActiveCfg = Release|Any CPU
		{FCDB7791-F4B6-4504-91BC-4D0291E317F3}.Release|Mixed Platforms.Build.0 = Release|Any CPU
		{FCDB7791-F4B6-4504-91BC-4D0291E317F3}.Release|x64.ActiveCfg = Release|x64
		{FCDB7791-F4B6-4504-91BC-4D0291E317F3}.Release|x64.Build.0 = Release|x64
		{FCDB7791-F4B6-4504-91BC-4D0291E317F3}.Release|x86.ActiveCfg = Release|Any CPU
		{FCDB7791-F4B6-4504-91BC-4D0291E317F3}.Release|x86.Build.0 = Release|Any CPU
		{AEA44301-6A29-4AF7-91E8-E6D755B618F1}.Debug|Any CPU.ActiveCfg = Debug|Any CPU
		{AEA44301-6A29-4AF7-91E8-E6D755B618F1}.Debug|Any CPU.Build.0 = Debug|Any CPU
		{AEA44301-6A29-4AF7-91E8-E6D755B618F1}.Debug|Itanium.ActiveCfg = Debug|Itanium
		{AEA44301-6A29-4AF7-91E8-E6D755B618F1}.Debug|Itanium.Build.0 = Debug|Itanium
		{AEA44301-6A29-4AF7-91E8-E6D755B618F1}.Debug|Mixed Platforms.ActiveCfg = Debug|Any CPU
		{AEA44301-6A29-4AF7-91E8-E6D755B618F1}.Debug|Mixed Platforms.Build.0 = Debug|Any CPU
		{AEA44301-6A29-4AF7-91E8-E6D755B618F1}.Debug|x64.ActiveCfg = Debug|x64
		{AEA44301-6A29-4AF7-91E8-E6D755B618F1}.Debug|x64.Build.0 = Debug|x64
		{AEA44301-6A29-4AF7-91E8-E6D755B618F1}.Debug|x86.ActiveCfg = Debug|Any CPU
		{AEA44301-6A29-4AF7-91E8-E6D755B618F1}.Debug|x86.Build.0 = Debug|Any CPU
		{AEA44301-6A29-4AF7-91E8-E6D755B618F1}.Release|Any CPU.ActiveCfg = Release|Any CPU
		{AEA44301-6A29-4AF7-91E8-E6D755B618F1}.Release|Any CPU.Build.0 = Release|Any CPU
		{AEA44301-6A29-4AF7-91E8-E6D755B618F1}.Release|Itanium.ActiveCfg = Release|Itanium
		{AEA44301-6A29-4AF7-91E8-E6D755B618F1}.Release|Itanium.Build.0 = Release|Itanium
		{AEA44301-6A29-4AF7-91E8-E6D755B618F1}.Release|Mixed Platforms.ActiveCfg = Release|Any CPU
		{AEA44301-6A29-4AF7-91E8-E6D755B618F1}.Release|Mixed Platforms.Build.0 = Release|Any CPU
		{AEA44301-6A29-4AF7-91E8-E6D755B618F1}.Release|x64.ActiveCfg = Release|x64
		{AEA44301-6A29-4AF7-91E8-E6D755B618F1}.Release|x64.Build.0 = Release|x64
		{AEA44301-6A29-4AF7-91E8-E6D755B618F1}.Release|x86.ActiveCfg = Release|Any CPU
		{AEA44301-6A29-4AF7-91E8-E6D755B618F1}.Release|x86.Build.0 = Release|Any CPU
		{9CEBFDA4-CF05-44D1-881B-13775AA46B27}.Debug|Any CPU.ActiveCfg = Debug|Any CPU
		{9CEBFDA4-CF05-44D1-881B-13775AA46B27}.Debug|Any CPU.Build.0 = Debug|Any CPU
		{9CEBFDA4-CF05-44D1-881B-13775AA46B27}.Debug|Itanium.ActiveCfg = Debug|Itanium
		{9CEBFDA4-CF05-44D1-881B-13775AA46B27}.Debug|Itanium.Build.0 = Debug|Itanium
		{9CEBFDA4-CF05-44D1-881B-13775AA46B27}.Debug|Mixed Platforms.ActiveCfg = Debug|Any CPU
		{9CEBFDA4-CF05-44D1-881B-13775AA46B27}.Debug|Mixed Platforms.Build.0 = Debug|Any CPU
		{9CEBFDA4-CF05-44D1-881B-13775AA46B27}.Debug|x64.ActiveCfg = Debug|x64
		{9CEBFDA4-CF05-44D1-881B-13775AA46B27}.Debug|x64.Build.0 = Debug|x64
		{9CEBFDA4-CF05-44D1-881B-13775AA46B27}.Debug|x86.ActiveCfg = Debug|Any CPU
		{9CEBFDA4-CF05-44D1-881B-13775AA46B27}.Debug|x86.Build.0 = Debug|Any CPU
		{9CEBFDA4-CF05-44D1-881B-13775AA46B27}.Release|Any CPU.ActiveCfg = Release|Any CPU
		{9CEBFDA4-CF05-44D1-881B-13775AA46B27}.Release|Any CPU.Build.0 = Release|Any CPU
		{9CEBFDA4-CF05-44D1-881B-13775AA46B27}.Release|Itanium.ActiveCfg = Release|Itanium
		{9CEBFDA4-CF05-44D1-881B-13775AA46B27}.Release|Itanium.Build.0 = Release|Itanium
		{9CEBFDA4-CF05-44D1-881B-13775AA46B27}.Release|Mixed Platforms.ActiveCfg = Release|Any CPU
		{9CEBFDA4-CF05-44D1-881B-13775AA46B27}.Release|Mixed Platforms.Build.0 = Release|Any CPU
		{9CEBFDA4-CF05-44D1-881B-13775AA46B27}.Release|x64.ActiveCfg = Release|x64
		{9CEBFDA4-CF05-44D1-881B-13775AA46B27}.Release|x64.Build.0 = Release|x64
		{9CEBFDA4-CF05-44D1-881B-13775AA46B27}.Release|x86.ActiveCfg = Release|Any CPU
		{9CEBFDA4-CF05-44D1-881B-13775AA46B27}.Release|x86.Build.0 = Release|Any CPU
		{18F86945-9CB9-4149-A09C-85B8C5C7C4ED}.Debug|Any CPU.ActiveCfg = Debug|x86
		{18F86945-9CB9-4149-A09C-85B8C5C7C4ED}.Debug|Itanium.ActiveCfg = Debug|x86
		{18F86945-9CB9-4149-A09C-85B8C5C7C4ED}.Debug|Mixed Platforms.ActiveCfg = Debug|x86
		{18F86945-9CB9-4149-A09C-85B8C5C7C4ED}.Debug|Mixed Platforms.Build.0 = Debug|x86
		{18F86945-9CB9-4149-A09C-85B8C5C7C4ED}.Debug|x64.ActiveCfg = Debug|x86
		{18F86945-9CB9-4149-A09C-85B8C5C7C4ED}.Debug|x86.ActiveCfg = Debug|x86
		{18F86945-9CB9-4149-A09C-85B8C5C7C4ED}.Debug|x86.Build.0 = Debug|x86
		{18F86945-9CB9-4149-A09C-85B8C5C7C4ED}.Release|Any CPU.ActiveCfg = Release|x86
		{18F86945-9CB9-4149-A09C-85B8C5C7C4ED}.Release|Itanium.ActiveCfg = Release|x86
		{18F86945-9CB9-4149-A09C-85B8C5C7C4ED}.Release|Mixed Platforms.ActiveCfg = Release|x86
		{18F86945-9CB9-4149-A09C-85B8C5C7C4ED}.Release|Mixed Platforms.Build.0 = Release|x86
		{18F86945-9CB9-4149-A09C-85B8C5C7C4ED}.Release|x64.ActiveCfg = Release|x86
		{18F86945-9CB9-4149-A09C-85B8C5C7C4ED}.Release|x86.ActiveCfg = Release|x86
		{18F86945-9CB9-4149-A09C-85B8C5C7C4ED}.Release|x86.Build.0 = Release|x86
		{0D1C943D-594F-4E07-AA39-90CEC4E37C8E}.Debug|Any CPU.ActiveCfg = Debug|Any CPU
		{0D1C943D-594F-4E07-AA39-90CEC4E37C8E}.Debug|Any CPU.Build.0 = Debug|Any CPU
		{0D1C943D-594F-4E07-AA39-90CEC4E37C8E}.Debug|Itanium.ActiveCfg = Debug|Any CPU
		{0D1C943D-594F-4E07-AA39-90CEC4E37C8E}.Debug|Itanium.Build.0 = Debug|Any CPU
		{0D1C943D-594F-4E07-AA39-90CEC4E37C8E}.Debug|Mixed Platforms.ActiveCfg = Debug|Any CPU
		{0D1C943D-594F-4E07-AA39-90CEC4E37C8E}.Debug|Mixed Platforms.Build.0 = Debug|Any CPU
		{0D1C943D-594F-4E07-AA39-90CEC4E37C8E}.Debug|x64.ActiveCfg = Debug|Any CPU
		{0D1C943D-594F-4E07-AA39-90CEC4E37C8E}.Debug|x64.Build.0 = Debug|Any CPU
		{0D1C943D-594F-4E07-AA39-90CEC4E37C8E}.Debug|x86.ActiveCfg = Debug|Any CPU
		{0D1C943D-594F-4E07-AA39-90CEC4E37C8E}.Debug|x86.Build.0 = Debug|Any CPU
		{0D1C943D-594F-4E07-AA39-90CEC4E37C8E}.Release|Any CPU.ActiveCfg = Release|Any CPU
		{0D1C943D-594F-4E07-AA39-90CEC4E37C8E}.Release|Any CPU.Build.0 = Release|Any CPU
		{0D1C943D-594F-4E07-AA39-90CEC4E37C8E}.Release|Itanium.ActiveCfg = Release|Any CPU
		{0D1C943D-594F-4E07-AA39-90CEC4E37C8E}.Release|Itanium.Build.0 = Release|Any CPU
		{0D1C943D-594F-4E07-AA39-90CEC4E37C8E}.Release|Mixed Platforms.ActiveCfg = Release|Any CPU
		{0D1C943D-594F-4E07-AA39-90CEC4E37C8E}.Release|Mixed Platforms.Build.0 = Release|Any CPU
		{0D1C943D-594F-4E07-AA39-90CEC4E37C8E}.Release|x64.ActiveCfg = Release|Any CPU
		{0D1C943D-594F-4E07-AA39-90CEC4E37C8E}.Release|x64.Build.0 = Release|Any CPU
		{0D1C943D-594F-4E07-AA39-90CEC4E37C8E}.Release|x86.ActiveCfg = Release|Any CPU
		{0D1C943D-594F-4E07-AA39-90CEC4E37C8E}.Release|x86.Build.0 = Release|Any CPU
		{BAF8082B-8DD8-4E7C-9C5B-D9213E08C3B1}.Debug|Any CPU.ActiveCfg = Debug|Any CPU
		{BAF8082B-8DD8-4E7C-9C5B-D9213E08C3B1}.Debug|Any CPU.Build.0 = Debug|Any CPU
		{BAF8082B-8DD8-4E7C-9C5B-D9213E08C3B1}.Debug|Itanium.ActiveCfg = Debug|Any CPU
		{BAF8082B-8DD8-4E7C-9C5B-D9213E08C3B1}.Debug|Itanium.Build.0 = Debug|Any CPU
		{BAF8082B-8DD8-4E7C-9C5B-D9213E08C3B1}.Debug|Mixed Platforms.ActiveCfg = Debug|Any CPU
		{BAF8082B-8DD8-4E7C-9C5B-D9213E08C3B1}.Debug|Mixed Platforms.Build.0 = Debug|Any CPU
		{BAF8082B-8DD8-4E7C-9C5B-D9213E08C3B1}.Debug|x64.ActiveCfg = Debug|Any CPU
		{BAF8082B-8DD8-4E7C-9C5B-D9213E08C3B1}.Debug|x64.Build.0 = Debug|Any CPU
		{BAF8082B-8DD8-4E7C-9C5B-D9213E08C3B1}.Debug|x86.ActiveCfg = Debug|Any CPU
		{BAF8082B-8DD8-4E7C-9C5B-D9213E08C3B1}.Debug|x86.Build.0 = Debug|Any CPU
		{BAF8082B-8DD8-4E7C-9C5B-D9213E08C3B1}.Release|Any CPU.ActiveCfg = Release|Any CPU
		{BAF8082B-8DD8-4E7C-9C5B-D9213E08C3B1}.Release|Any CPU.Build.0 = Release|Any CPU
		{BAF8082B-8DD8-4E7C-9C5B-D9213E08C3B1}.Release|Itanium.ActiveCfg = Release|Any CPU
		{BAF8082B-8DD8-4E7C-9C5B-D9213E08C3B1}.Release|Itanium.Build.0 = Release|Any CPU
		{BAF8082B-8DD8-4E7C-9C5B-D9213E08C3B1}.Release|Mixed Platforms.ActiveCfg = Release|Any CPU
		{BAF8082B-8DD8-4E7C-9C5B-D9213E08C3B1}.Release|Mixed Platforms.Build.0 = Release|Any CPU
		{BAF8082B-8DD8-4E7C-9C5B-D9213E08C3B1}.Release|x64.ActiveCfg = Release|Any CPU
		{BAF8082B-8DD8-4E7C-9C5B-D9213E08C3B1}.Release|x64.Build.0 = Release|Any CPU
		{BAF8082B-8DD8-4E7C-9C5B-D9213E08C3B1}.Release|x86.ActiveCfg = Release|Any CPU
		{BAF8082B-8DD8-4E7C-9C5B-D9213E08C3B1}.Release|x86.Build.0 = Release|Any CPU
		{02EA8F3A-29F0-4E11-B4F6-3BF87242D99F}.Debug|Any CPU.ActiveCfg = Debug|Any CPU
		{02EA8F3A-29F0-4E11-B4F6-3BF87242D99F}.Debug|Any CPU.Build.0 = Debug|Any CPU
		{02EA8F3A-29F0-4E11-B4F6-3BF87242D99F}.Debug|Itanium.ActiveCfg = Debug|Itanium
		{02EA8F3A-29F0-4E11-B4F6-3BF87242D99F}.Debug|Itanium.Build.0 = Debug|Itanium
		{02EA8F3A-29F0-4E11-B4F6-3BF87242D99F}.Debug|Mixed Platforms.ActiveCfg = Debug|Any CPU
		{02EA8F3A-29F0-4E11-B4F6-3BF87242D99F}.Debug|Mixed Platforms.Build.0 = Debug|Any CPU
		{02EA8F3A-29F0-4E11-B4F6-3BF87242D99F}.Debug|x64.ActiveCfg = Debug|x64
		{02EA8F3A-29F0-4E11-B4F6-3BF87242D99F}.Debug|x64.Build.0 = Debug|x64
		{02EA8F3A-29F0-4E11-B4F6-3BF87242D99F}.Debug|x86.ActiveCfg = Debug|Any CPU
		{02EA8F3A-29F0-4E11-B4F6-3BF87242D99F}.Debug|x86.Build.0 = Debug|Any CPU
		{02EA8F3A-29F0-4E11-B4F6-3BF87242D99F}.Release|Any CPU.ActiveCfg = Release|Any CPU
		{02EA8F3A-29F0-4E11-B4F6-3BF87242D99F}.Release|Any CPU.Build.0 = Release|Any CPU
		{02EA8F3A-29F0-4E11-B4F6-3BF87242D99F}.Release|Itanium.ActiveCfg = Release|Itanium
		{02EA8F3A-29F0-4E11-B4F6-3BF87242D99F}.Release|Itanium.Build.0 = Release|Itanium
		{02EA8F3A-29F0-4E11-B4F6-3BF87242D99F}.Release|Mixed Platforms.ActiveCfg = Release|Any CPU
		{02EA8F3A-29F0-4E11-B4F6-3BF87242D99F}.Release|Mixed Platforms.Build.0 = Release|Any CPU
		{02EA8F3A-29F0-4E11-B4F6-3BF87242D99F}.Release|x64.ActiveCfg = Release|x64
		{02EA8F3A-29F0-4E11-B4F6-3BF87242D99F}.Release|x64.Build.0 = Release|x64
		{02EA8F3A-29F0-4E11-B4F6-3BF87242D99F}.Release|x86.ActiveCfg = Release|Any CPU
		{02EA8F3A-29F0-4E11-B4F6-3BF87242D99F}.Release|x86.Build.0 = Release|Any CPU
		{14938033-7870-477D-925C-A447933A44E7}.Debug|Any CPU.ActiveCfg = Debug|x86
		{14938033-7870-477D-925C-A447933A44E7}.Debug|Itanium.ActiveCfg = Debug|x86
		{14938033-7870-477D-925C-A447933A44E7}.Debug|Mixed Platforms.ActiveCfg = Debug|x86
		{14938033-7870-477D-925C-A447933A44E7}.Debug|Mixed Platforms.Build.0 = Debug|x86
		{14938033-7870-477D-925C-A447933A44E7}.Debug|x64.ActiveCfg = Debug|x86
		{14938033-7870-477D-925C-A447933A44E7}.Debug|x86.ActiveCfg = Debug|x86
		{14938033-7870-477D-925C-A447933A44E7}.Debug|x86.Build.0 = Debug|x86
		{14938033-7870-477D-925C-A447933A44E7}.Release|Any CPU.ActiveCfg = Release|x86
		{14938033-7870-477D-925C-A447933A44E7}.Release|Itanium.ActiveCfg = Release|x86
		{14938033-7870-477D-925C-A447933A44E7}.Release|Mixed Platforms.ActiveCfg = Release|x86
		{14938033-7870-477D-925C-A447933A44E7}.Release|Mixed Platforms.Build.0 = Release|x86
		{14938033-7870-477D-925C-A447933A44E7}.Release|x64.ActiveCfg = Release|x86
		{14938033-7870-477D-925C-A447933A44E7}.Release|x86.ActiveCfg = Release|x86
		{14938033-7870-477D-925C-A447933A44E7}.Release|x86.Build.0 = Release|x86
	EndGlobalSection
	GlobalSection(SolutionProperties) = preSolution
		HideSolutionNode = FALSE
	EndGlobalSection
	GlobalSection(ExtensibilityGlobals) = postSolution
		SolutionGuid = {C86B1B4B-CEC2-468B-B6F3-AE7797EED1D6}
	EndGlobalSection
EndGlobal
